
Microsoft Visual Studio Solution File, Format Version 12.00
# Visual Studio Version 17
VisualStudioVersion = 17.6.33815.320
MinimumVisualStudioVersion = 10.0.40219.1
Project("{FAE04EC0-301F-11D3-BF4B-00C04F79EFBC}") = "Day2", "Day2.csproj", "{7E56114A-85CB-4AD5-800E-B1C9A24E5C5C}"
EndProject
Global
	GlobalSection(SolutionConfigurationPlatforms) = preSolution
		Debug|Any CPU = Debug|Any CPU
		Release|Any CPU = Release|Any CPU
	EndGlobalSection
	GlobalSection(ProjectConfigurationPlatforms) = postSolution
		{7E56114A-85CB-4AD5-800E-B1C9A24E5C5C}.Debug|Any CPU.ActiveCfg = Debug|Any CPU
		{7E56114A-85CB-4AD5-800E-B1C9A24E5C5C}.Debug|Any CPU.Build.0 = Debug|Any CPU
		{7E56114A-85CB-4AD5-800E-B1C9A24E5C5C}.Release|Any CPU.ActiveCfg = Release|Any CPU
		{7E56114A-85CB-4AD5-800E-B1C9A24E5C5C}.Release|Any CPU.Build.0 = Release|Any CPU
	EndGlobalSection
	GlobalSection(SolutionProperties) = preSolution
		HideSolutionNode = FALSE
	EndGlobalSection
	GlobalSection(ExtensibilityGlobals) = postSolution
		SolutionGuid = {9C3029F7-0F6A-4957-9A5A-B5CB5FC7E14C}
	EndGlobalSection
EndGlobal
